{
  "version": "3",
  "packages": {
    "specifiers": {
      "jsr:@cross/runtime@^0.0.16": "jsr:@cross/runtime@0.0.16"
    },
    "jsr": {
      "@cross/runtime@0.0.16": {
        "integrity": "91fdccc7048f168b914e37caf06df3416a3bb36cc330ef22b7bd73ac95ff8de0"
      }
    }
  },
  "remote": {},
  "workspace": {
    "dependencies": [
      "jsr:@cross/runtime@^0.0.16"
    ]
  }
}
